
Microsoft Visual Studio Solution File, Format Version 12.00
# Visual Studio Version 17
VisualStudioVersion = 17.10.34928.147
MinimumVisualStudioVersion = 10.0.40219.1
Project("{FAE04EC0-301F-11D3-BF4B-00C04F79EFBC}") = "Assigment 3", "Assigment 3.csproj", "{43693551-0521-433E-A688-CCC985F37CAC}"
EndProject
Global
	GlobalSection(SolutionConfigurationPlatforms) = preSolution
		Debug|Any CPU = Debug|Any CPU
		Release|Any CPU = Release|Any CPU
	EndGlobalSection
	GlobalSection(ProjectConfigurationPlatforms) = postSolution
		{43693551-0521-433E-A688-CCC985F37CAC}.Debug|Any CPU.ActiveCfg = Debug|Any CPU
		{43693551-0521-433E-A688-CCC985F37CAC}.Debug|Any CPU.Build.0 = Debug|Any CPU
		{43693551-0521-433E-A688-CCC985F37CAC}.Release|Any CPU.ActiveCfg = Release|Any CPU
		{43693551-0521-433E-A688-CCC985F37CAC}.Release|Any CPU.Build.0 = Release|Any CPU
	EndGlobalSection
	GlobalSection(SolutionProperties) = preSolution
		HideSolutionNode = FALSE
	EndGlobalSection
	GlobalSection(ExtensibilityGlobals) = postSolution
		SolutionGuid = {526EFD87-1C62-4D43-BC6E-A387F1A1662A}
	EndGlobalSection
EndGlobal
